{
  "requires": true,
  "lockfileVersion": 1,
  "dependencies": {
    "aws-lambda-create-request-response": {
      "version": "0.1.32",
      "resolved": "https://registry.npmjs.org/aws-lambda-create-request-response/-/aws-lambda-create-request-response-0.1.32.tgz",
      "integrity": "sha512-V8QGnochL7bw0XQgAIA/d7RdCR30tVInK54GQlFFEK5sVPf6AJNIJfEWbZPJCBAQe04/4Kg9BAChM+MyfGNUmA=="
    },
    "aws-lambda-http-server": {
      "version": "0.1.32",
      "resolved": "https://registry.npmjs.org/aws-lambda-http-server/-/aws-lambda-http-server-0.1.32.tgz",
      "integrity": "sha512-1c88+desbjMUUtEcgXyCAAX80bTqO3ox1riruZRHm/V+sNvJuTdFFumDP7UPaCuCAKzgT5xJp1VIJu1SjADLKg==",
      "requires": {
        "aws-lambda-create-request-response": "0.1.32",
        "in-memory-http-listener": "0.1.32"
      }
    },
    "https": {
      "version": "1.0.0",
      "resolved": "https://registry.npmjs.org/https/-/https-1.0.0.tgz",
      "integrity": "sha1-PDfHrhqO65ZpBKKtHpdaGUt+06Q="
    },
    "in-memory-http-listener": {
      "version": "0.1.32",
      "resolved": "https://registry.npmjs.org/in-memory-http-listener/-/in-memory-http-listener-0.1.32.tgz",
      "integrity": "sha512-jl1PLyS5C3hnZQbyTQVdDrJTqAS/3Qn77HBems6Csb6aWXpiAG21NZ+cUYu/Coa+ap2/DDlD27XKHAnHt3DqGg=="
    }
  }
}
